
Microsoft Visual Studio Solution File, Format Version 12.00
# Visual Studio Version 17
VisualStudioVersion = 17.10.35122.118
MinimumVisualStudioVersion = 10.0.40219.1
Project("{FAE04EC0-301F-11D3-BF4B-00C04F79EFBC}") = "RecuperaçãoUC1.Laura", "RecuperaçãoUC1.Laura.csproj", "{7EC49258-0A10-4822-A86F-EB2B5D7FE13E}"
EndProject
Global
	GlobalSection(SolutionConfigurationPlatforms) = preSolution
		Debug|Any CPU = Debug|Any CPU
		Release|Any CPU = Release|Any CPU
	EndGlobalSection
	GlobalSection(ProjectConfigurationPlatforms) = postSolution
		{7EC49258-0A10-4822-A86F-EB2B5D7FE13E}.Debug|Any CPU.ActiveCfg = Debug|Any CPU
		{7EC49258-0A10-4822-A86F-EB2B5D7FE13E}.Debug|Any CPU.Build.0 = Debug|Any CPU
		{7EC49258-0A10-4822-A86F-EB2B5D7FE13E}.Release|Any CPU.ActiveCfg = Release|Any CPU
		{7EC49258-0A10-4822-A86F-EB2B5D7FE13E}.Release|Any CPU.Build.0 = Release|Any CPU
	EndGlobalSection
	GlobalSection(SolutionProperties) = preSolution
		HideSolutionNode = FALSE
	EndGlobalSection
	GlobalSection(ExtensibilityGlobals) = postSolution
		SolutionGuid = {A555D9DF-0A90-40FC-9CA6-1A11A2C75E2D}
	EndGlobalSection
EndGlobal
